
Microsoft Visual Studio Solution File, Format Version 12.00
# Visual Studio Version 16
VisualStudioVersion = 16.0.29613.14
MinimumVisualStudioVersion = 10.0.40219.1
Project("{F184B08F-C81C-45F6-A57F-5ABD9991F28F}") = "VBnetApp", "VBnetApp.vbproj", "{62C6AA35-A98C-4926-8D87-D8B62B631C63}"
EndProject
Global
	GlobalSection(SolutionConfigurationPlatforms) = preSolution
		Debug|Any CPU = Debug|Any CPU
		Release|Any CPU = Release|Any CPU
	EndGlobalSection
	GlobalSection(ProjectConfigurationPlatforms) = postSolution
		{62C6AA35-A98C-4926-8D87-D8B62B631C63}.Debug|Any CPU.ActiveCfg = Debug|Any CPU
		{62C6AA35-A98C-4926-8D87-D8B62B631C63}.Debug|Any CPU.Build.0 = Debug|Any CPU
		{62C6AA35-A98C-4926-8D87-D8B62B631C63}.Release|Any CPU.ActiveCfg = Release|Any CPU
		{62C6AA35-A98C-4926-8D87-D8B62B631C63}.Release|Any CPU.Build.0 = Release|Any CPU
	EndGlobalSection
	GlobalSection(SolutionProperties) = preSolution
		HideSolutionNode = FALSE
	EndGlobalSection
	GlobalSection(ExtensibilityGlobals) = postSolution
		SolutionGuid = {B02D53F5-3B36-4E86-B0BB-7EF13AD31343}
	EndGlobalSection
EndGlobal
